
Microsoft Visual Studio Solution File, Format Version 12.00
# Visual Studio Version 17
VisualStudioVersion = 17.3.32929.385
MinimumVisualStudioVersion = 10.0.40219.1
Project("{FAE04EC0-301F-11D3-BF4B-00C04F79EFBC}") = "ToolsWeb", "ToolsWeb\ToolsWeb.csproj", "{A570D592-AA84-4937-9D0E-75B70ADC2ADB}"
EndProject
Global
	GlobalSection(SolutionConfigurationPlatforms) = preSolution
		Debug|Any CPU = Debug|Any CPU
		Release|Any CPU = Release|Any CPU
	EndGlobalSection
	GlobalSection(ProjectConfigurationPlatforms) = postSolution
		{A570D592-AA84-4937-9D0E-75B70ADC2ADB}.Debug|Any CPU.ActiveCfg = Debug|Any CPU
		{A570D592-AA84-4937-9D0E-75B70ADC2ADB}.Debug|Any CPU.Build.0 = Debug|Any CPU
		{A570D592-AA84-4937-9D0E-75B70ADC2ADB}.Release|Any CPU.ActiveCfg = Release|Any CPU
		{A570D592-AA84-4937-9D0E-75B70ADC2ADB}.Release|Any CPU.Build.0 = Release|Any CPU
	EndGlobalSection
	GlobalSection(SolutionProperties) = preSolution
		HideSolutionNode = FALSE
	EndGlobalSection
	GlobalSection(ExtensibilityGlobals) = postSolution
		SolutionGuid = {F35450AA-9B13-4DE3-9B95-9358F15D5A9C}
	EndGlobalSection
EndGlobal
